
Microsoft Visual Studio Solution File, Format Version 12.00
# Visual Studio Version 17
VisualStudioVersion = 17.0.32014.148
MinimumVisualStudioVersion = 10.0.40219.1
Project("{9A19103F-16F7-4668-BE54-9A1E7A4F7556}") = "Berger.Extensions.Xml", "Berger.Extensions.Xml\Berger.Extensions.Xml.csproj", "{4E63E138-9A5F-43E5-9834-DACA046A2BC1}"
EndProject
Project("{2150E333-8FDC-42A3-9474-1A3956D46DE8}") = "Build", "Build", "{5BABFD16-2C42-4701-9A8D-7E6D7035B81B}"
	ProjectSection(SolutionItems) = preProject
		..\build\Berger.Extensions.Xml.yml = ..\build\Berger.Extensions.Xml.yml
	EndProjectSection
EndProject
Project("{2150E333-8FDC-42A3-9474-1A3956D46DE8}") = "Source", "Source", "{2D6A8922-12B2-4F18-BA0B-9B24BC08A20D}"
EndProject
Global
	GlobalSection(SolutionConfigurationPlatforms) = preSolution
		Debug|Any CPU = Debug|Any CPU
		Release|Any CPU = Release|Any CPU
	EndGlobalSection
	GlobalSection(ProjectConfigurationPlatforms) = postSolution
		{4E63E138-9A5F-43E5-9834-DACA046A2BC1}.Debug|Any CPU.ActiveCfg = Debug|Any CPU
		{4E63E138-9A5F-43E5-9834-DACA046A2BC1}.Debug|Any CPU.Build.0 = Debug|Any CPU
		{4E63E138-9A5F-43E5-9834-DACA046A2BC1}.Release|Any CPU.ActiveCfg = Release|Any CPU
		{4E63E138-9A5F-43E5-9834-DACA046A2BC1}.Release|Any CPU.Build.0 = Release|Any CPU
	EndGlobalSection
	GlobalSection(SolutionProperties) = preSolution
		HideSolutionNode = FALSE
	EndGlobalSection
	GlobalSection(NestedProjects) = preSolution
		{4E63E138-9A5F-43E5-9834-DACA046A2BC1} = {2D6A8922-12B2-4F18-BA0B-9B24BC08A20D}
	EndGlobalSection
	GlobalSection(ExtensibilityGlobals) = postSolution
		SolutionGuid = {4961BE93-F316-4B63-8144-768113F9C617}
	EndGlobalSection
EndGlobal
